
Microsoft Visual Studio Solution File, Format Version 12.00
# Visual Studio 15
VisualStudioVersion = 15.0.28010.2016
MinimumVisualStudioVersion = 10.0.40219.1
Project("{A07B5EB6-E848-4116-A8D0-A826331D98C6}") = "ECommerce", "ECommerce\ECommerce.sfproj", "{5A02B316-C47D-484C-A65C-749D285D1161}"
EndProject
Project("{FAE04EC0-301F-11D3-BF4B-00C04F79EFBC}") = "ProductService", "ProductService\ProductService.csproj", "{E08C7AA0-AC6F-4B4A-BC11-7A7A86E6C1E8}"
EndProject
Project("{FAE04EC0-301F-11D3-BF4B-00C04F79EFBC}") = "WebAPI", "WebAPI\WebAPI.csproj", "{4E3F4A9C-CF82-4557-BFE8-9F7B2D592A04}"
EndProject
Project("{FAE04EC0-301F-11D3-BF4B-00C04F79EFBC}") = "UserActor", "UserActor\UserActor.csproj", "{15E58AD8-C58F-4EC1-A675-0722FF57ADC2}"
EndProject
Project("{FAE04EC0-301F-11D3-BF4B-00C04F79EFBC}") = "UserActor.Interfaces", "UserActor.Interfaces\UserActor.Interfaces.csproj", "{E9C3B4B1-578E-49C6-AECA-BE85AE09972D}"
EndProject
Global
	GlobalSection(SolutionConfigurationPlatforms) = preSolution
		Debug|Any CPU = Debug|Any CPU
		Debug|x64 = Debug|x64
		Release|Any CPU = Release|Any CPU
		Release|x64 = Release|x64
	EndGlobalSection
	GlobalSection(ProjectConfigurationPlatforms) = postSolution
		{5A02B316-C47D-484C-A65C-749D285D1161}.Debug|Any CPU.ActiveCfg = Debug|x64
		{5A02B316-C47D-484C-A65C-749D285D1161}.Debug|x64.ActiveCfg = Debug|x64
		{5A02B316-C47D-484C-A65C-749D285D1161}.Debug|x64.Build.0 = Debug|x64
		{5A02B316-C47D-484C-A65C-749D285D1161}.Debug|x64.Deploy.0 = Debug|x64
		{5A02B316-C47D-484C-A65C-749D285D1161}.Release|Any CPU.ActiveCfg = Release|x64
		{5A02B316-C47D-484C-A65C-749D285D1161}.Release|x64.ActiveCfg = Release|x64
		{5A02B316-C47D-484C-A65C-749D285D1161}.Release|x64.Build.0 = Release|x64
		{5A02B316-C47D-484C-A65C-749D285D1161}.Release|x64.Deploy.0 = Release|x64
		{E08C7AA0-AC6F-4B4A-BC11-7A7A86E6C1E8}.Debug|Any CPU.ActiveCfg = Debug|Any CPU
		{E08C7AA0-AC6F-4B4A-BC11-7A7A86E6C1E8}.Debug|Any CPU.Build.0 = Debug|Any CPU
		{E08C7AA0-AC6F-4B4A-BC11-7A7A86E6C1E8}.Debug|x64.ActiveCfg = Debug|Any CPU
		{E08C7AA0-AC6F-4B4A-BC11-7A7A86E6C1E8}.Debug|x64.Build.0 = Debug|Any CPU
		{E08C7AA0-AC6F-4B4A-BC11-7A7A86E6C1E8}.Release|Any CPU.ActiveCfg = Release|Any CPU
		{E08C7AA0-AC6F-4B4A-BC11-7A7A86E6C1E8}.Release|Any CPU.Build.0 = Release|Any CPU
		{E08C7AA0-AC6F-4B4A-BC11-7A7A86E6C1E8}.Release|x64.ActiveCfg = Release|Any CPU
		{E08C7AA0-AC6F-4B4A-BC11-7A7A86E6C1E8}.Release|x64.Build.0 = Release|Any CPU
		{4E3F4A9C-CF82-4557-BFE8-9F7B2D592A04}.Debug|Any CPU.ActiveCfg = Debug|Any CPU
		{4E3F4A9C-CF82-4557-BFE8-9F7B2D592A04}.Debug|Any CPU.Build.0 = Debug|Any CPU
		{4E3F4A9C-CF82-4557-BFE8-9F7B2D592A04}.Debug|x64.ActiveCfg = Debug|Any CPU
		{4E3F4A9C-CF82-4557-BFE8-9F7B2D592A04}.Debug|x64.Build.0 = Debug|Any CPU
		{4E3F4A9C-CF82-4557-BFE8-9F7B2D592A04}.Release|Any CPU.ActiveCfg = Release|Any CPU
		{4E3F4A9C-CF82-4557-BFE8-9F7B2D592A04}.Release|Any CPU.Build.0 = Release|Any CPU
		{4E3F4A9C-CF82-4557-BFE8-9F7B2D592A04}.Release|x64.ActiveCfg = Release|Any CPU
		{4E3F4A9C-CF82-4557-BFE8-9F7B2D592A04}.Release|x64.Build.0 = Release|Any CPU
		{15E58AD8-C58F-4EC1-A675-0722FF57ADC2}.Debug|Any CPU.ActiveCfg = Debug|Any CPU
		{15E58AD8-C58F-4EC1-A675-0722FF57ADC2}.Debug|Any CPU.Build.0 = Debug|Any CPU
		{15E58AD8-C58F-4EC1-A675-0722FF57ADC2}.Debug|x64.ActiveCfg = Debug|Any CPU
		{15E58AD8-C58F-4EC1-A675-0722FF57ADC2}.Debug|x64.Build.0 = Debug|Any CPU
		{15E58AD8-C58F-4EC1-A675-0722FF57ADC2}.Release|Any CPU.ActiveCfg = Release|Any CPU
		{15E58AD8-C58F-4EC1-A675-0722FF57ADC2}.Release|Any CPU.Build.0 = Release|Any CPU
		{15E58AD8-C58F-4EC1-A675-0722FF57ADC2}.Release|x64.ActiveCfg = Release|Any CPU
		{15E58AD8-C58F-4EC1-A675-0722FF57ADC2}.Release|x64.Build.0 = Release|Any CPU
		{E9C3B4B1-578E-49C6-AECA-BE85AE09972D}.Debug|Any CPU.ActiveCfg = Debug|Any CPU
		{E9C3B4B1-578E-49C6-AECA-BE85AE09972D}.Debug|Any CPU.Build.0 = Debug|Any CPU
		{E9C3B4B1-578E-49C6-AECA-BE85AE09972D}.Debug|x64.ActiveCfg = Debug|Any CPU
		{E9C3B4B1-578E-49C6-AECA-BE85AE09972D}.Debug|x64.Build.0 = Debug|Any CPU
		{E9C3B4B1-578E-49C6-AECA-BE85AE09972D}.Release|Any CPU.ActiveCfg = Release|Any CPU
		{E9C3B4B1-578E-49C6-AECA-BE85AE09972D}.Release|Any CPU.Build.0 = Release|Any CPU
		{E9C3B4B1-578E-49C6-AECA-BE85AE09972D}.Release|x64.ActiveCfg = Release|Any CPU
		{E9C3B4B1-578E-49C6-AECA-BE85AE09972D}.Release|x64.Build.0 = Release|Any CPU
	EndGlobalSection
	GlobalSection(SolutionProperties) = preSolution
		HideSolutionNode = FALSE
	EndGlobalSection
	GlobalSection(ExtensibilityGlobals) = postSolution
		SolutionGuid = {660C2652-91A9-45B4-AB08-8F65BA5B0084}
	EndGlobalSection
EndGlobal
